
Microsoft Visual Studio Solution File, Format Version 12.00
# Visual Studio Version 16
VisualStudioVersion = 16.0.30711.63
MinimumVisualStudioVersion = 10.0.40219.1
Project("{FAE04EC0-301F-11D3-BF4B-00C04F79EFBC}") = "Mendaliev_2", "Mendaliev_2\Mendaliev_2.csproj", "{D07B5793-EFA1-4CB9-A42F-2C25B0C4B196}"
EndProject
Global
	GlobalSection(SolutionConfigurationPlatforms) = preSolution
		Debug|Any CPU = Debug|Any CPU
		Release|Any CPU = Release|Any CPU
	EndGlobalSection
	GlobalSection(ProjectConfigurationPlatforms) = postSolution
		{D07B5793-EFA1-4CB9-A42F-2C25B0C4B196}.Debug|Any CPU.ActiveCfg = Debug|Any CPU
		{D07B5793-EFA1-4CB9-A42F-2C25B0C4B196}.Debug|Any CPU.Build.0 = Debug|Any CPU
		{D07B5793-EFA1-4CB9-A42F-2C25B0C4B196}.Release|Any CPU.ActiveCfg = Release|Any CPU
		{D07B5793-EFA1-4CB9-A42F-2C25B0C4B196}.Release|Any CPU.Build.0 = Release|Any CPU
	EndGlobalSection
	GlobalSection(SolutionProperties) = preSolution
		HideSolutionNode = FALSE
	EndGlobalSection
	GlobalSection(ExtensibilityGlobals) = postSolution
		SolutionGuid = {5996755F-3E9B-4C08-9712-F34BADC4CA4C}
	EndGlobalSection
EndGlobal
